// !$*UTF8*$!
{
	archiveVersion = 1;
	classes = {
	};
	objectVersion = 50;
	objects = {

/* Begin PBXBuildFile section */
		24D0F48581F7319033D07BFF /* Pods_ContactsAppUITests.framework in Frameworks */ = {isa = PBXBuildFile; fileRef = 9AA60514B7E83C1D12706E8A /* Pods_ContactsAppUITests.framework */; };
		93A7D58AF5EC4BD7E7390E87 /* Pods_ContactsApp.framework in Frameworks */ = {isa = PBXBuildFile; fileRef = 8C2124773840391A4394D7BD /* Pods_ContactsApp.framework */; };
		E5113E9E223614890081952E /* AppDelegate.swift in Sources */ = {isa = PBXBuildFile; fileRef = E5113E9D223614890081952E /* AppDelegate.swift */; };
		E5113EA0223614890081952E /* ViewController.swift in Sources */ = {isa = PBXBuildFile; fileRef = E5113E9F223614890081952E /* ViewController.swift */; };
		E5113EA3223614890081952E /* Main.storyboard in Resources */ = {isa = PBXBuildFile; fileRef = E5113EA1223614890081952E /* Main.storyboard */; };
		E5113EA52236148B0081952E /* Assets.xcassets in Resources */ = {isa = PBXBuildFile; fileRef = E5113EA42236148B0081952E /* Assets.xcassets */; };
		E5113EA82236148B0081952E /* LaunchScreen.storyboard in Resources */ = {isa = PBXBuildFile; fileRef = E5113EA62236148B0081952E /* LaunchScreen.storyboard */; };
		E5113EB32236148B0081952E /* ContactsAppTests.swift in Sources */ = {isa = PBXBuildFile; fileRef = E5113EB22236148B0081952E /* ContactsAppTests.swift */; };
		E5113EBE2236148B0081952E /* ContactsAppUITests.swift in Sources */ = {isa = PBXBuildFile; fileRef = E5113EBD2236148B0081952E /* ContactsAppUITests.swift */; };
		E5113ED1223615050081952E /* ListViewController.swift in Sources */ = {isa = PBXBuildFile; fileRef = E5113ECF223615050081952E /* ListViewController.swift */; };
		E5113ED2223615050081952E /* ListViewController.xib in Resources */ = {isa = PBXBuildFile; fileRef = E5113ED0223615050081952E /* ListViewController.xib */; };
		E5113ED4223615130081952E /* ListInteractor.swift in Sources */ = {isa = PBXBuildFile; fileRef = E5113ED3223615130081952E /* ListInteractor.swift */; };
		E5113ED62236151D0081952E /* ListPresenter.swift in Sources */ = {isa = PBXBuildFile; fileRef = E5113ED52236151D0081952E /* ListPresenter.swift */; };
		E5113ED82236152B0081952E /* ListRouter.swift in Sources */ = {isa = PBXBuildFile; fileRef = E5113ED72236152B0081952E /* ListRouter.swift */; };
		E5113EDB223615880081952E /* Contact.swift in Sources */ = {isa = PBXBuildFile; fileRef = E5113EDA223615880081952E /* Contact.swift */; };
		E5113EDD22361C0B0081952E /* ListBuilder.swift in Sources */ = {isa = PBXBuildFile; fileRef = E5113EDC22361C0B0081952E /* ListBuilder.swift */; };
		E5113EE022361D800081952E /* AddViewController.swift in Sources */ = {isa = PBXBuildFile; fileRef = E5113EDE22361D800081952E /* AddViewController.swift */; };
		E5113EE122361D800081952E /* AddViewController.xib in Resources */ = {isa = PBXBuildFile; fileRef = E5113EDF22361D800081952E /* AddViewController.xib */; };
		E5113EE322361E580081952E /* AddInteractor.swift in Sources */ = {isa = PBXBuildFile; fileRef = E5113EE222361E580081952E /* AddInteractor.swift */; };
		E5113EE522361E620081952E /* AddPresenter.swift in Sources */ = {isa = PBXBuildFile; fileRef = E5113EE422361E620081952E /* AddPresenter.swift */; };
		E5113EE722361E6D0081952E /* AddRouter.swift in Sources */ = {isa = PBXBuildFile; fileRef = E5113EE622361E6D0081952E /* AddRouter.swift */; };
		E5113EE922361E760081952E /* AddBuilder.swift in Sources */ = {isa = PBXBuildFile; fileRef = E5113EE822361E760081952E /* AddBuilder.swift */; };
		E5113EEB22361EFF0081952E /* Constants.swift in Sources */ = {isa = PBXBuildFile; fileRef = E5113EEA22361EFF0081952E /* Constants.swift */; };
		E5F8BF302236534900327E67 /* DetailViewController.swift in Sources */ = {isa = PBXBuildFile; fileRef = E5F8BF2E2236534900327E67 /* DetailViewController.swift */; };
		E5F8BF312236534900327E67 /* DetailViewController.xib in Resources */ = {isa = PBXBuildFile; fileRef = E5F8BF2F2236534900327E67 /* DetailViewController.xib */; };
		E5F8BF352236536300327E67 /* DetailPresenter.swift in Sources */ = {isa = PBXBuildFile; fileRef = E5F8BF342236536300327E67 /* DetailPresenter.swift */; };
		E5F8BF392236537300327E67 /* DetailBuilder.swift in Sources */ = {isa = PBXBuildFile; fileRef = E5F8BF382236537300327E67 /* DetailBuilder.swift */; };
		EB9DC90851C03481CA559EA1 /* Pods_ContactsAppTests.framework in Frameworks */ = {isa = PBXBuildFile; fileRef = 65B94F0F4D1A5D1CBDC0AF4D /* Pods_ContactsAppTests.framework */; };
/* End PBXBuildFile section */

/* Begin PBXContainerItemProxy section */
		E5113EAF2236148B0081952E /* PBXContainerItemProxy */ = {
			isa = PBXContainerItemProxy;
			containerPortal = E5113E92223614890081952E /* Project object */;
			proxyType = 1;
			remoteGlobalIDString = E5113E99223614890081952E;
			remoteInfo = ContactsApp;
		};
		E5113EBA2236148B0081952E /* PBXContainerItemProxy */ = {
			isa = PBXContainerItemProxy;
			containerPortal = E5113E92223614890081952E /* Project object */;
			proxyType = 1;
			remoteGlobalIDString = E5113E99223614890081952E;
			remoteInfo = ContactsApp;
		};
/* End PBXContainerItemProxy section */

/* Begin PBXFileReference section */
		04BE766D25652719CC01A216 /* Pods-ContactsAppUITests.debug.xcconfig */ = {isa = PBXFileReference; includeInIndex = 1; lastKnownFileType = text.xcconfig; name = "Pods-ContactsAppUITests.debug.xcconfig"; path = "Pods/Target Support Files/Pods-ContactsAppUITests/Pods-ContactsAppUITests.debug.xcconfig"; sourceTree = "<group>"; };
		06EB4DCD3A1FB1D4D44FD48E /* Pods-ContactsAppTests.release.xcconfig */ = {isa = PBXFileReference; includeInIndex = 1; lastKnownFileType = text.xcconfig; name = "Pods-ContactsAppTests.release.xcconfig"; path = "Pods/Target Support Files/Pods-ContactsAppTests/Pods-ContactsAppTests.release.xcconfig"; sourceTree = "<group>"; };
		65B94F0F4D1A5D1CBDC0AF4D /* Pods_ContactsAppTests.framework */ = {isa = PBXFileReference; explicitFileType = wrapper.framework; includeInIndex = 0; path = Pods_ContactsAppTests.framework; sourceTree = BUILT_PRODUCTS_DIR; };
		6674FA45DC3584D52273875C /* Pods-ContactsAppTests.debug.xcconfig */ = {isa = PBXFileReference; includeInIndex = 1; lastKnownFileType = text.xcconfig; name = "Pods-ContactsAppTests.debug.xcconfig"; path = "Pods/Target Support Files/Pods-ContactsAppTests/Pods-ContactsAppTests.debug.xcconfig"; sourceTree = "<group>"; };
		8808172CBC4CFE27D8E5C849 /* Pods-ContactsApp.release.xcconfig */ = {isa = PBXFileReference; includeInIndex = 1; lastKnownFileType = text.xcconfig; name = "Pods-ContactsApp.release.xcconfig"; path = "Pods/Target Support Files/Pods-ContactsApp/Pods-ContactsApp.release.xcconfig"; sourceTree = "<group>"; };
		8C2124773840391A4394D7BD /* Pods_ContactsApp.framework */ = {isa = PBXFileReference; explicitFileType = wrapper.framework; includeInIndex = 0; path = Pods_ContactsApp.framework; sourceTree = BUILT_PRODUCTS_DIR; };
		9AA60514B7E83C1D12706E8A /* Pods_ContactsAppUITests.framework */ = {isa = PBXFileReference; explicitFileType = wrapper.framework; includeInIndex = 0; path = Pods_ContactsAppUITests.framework; sourceTree = BUILT_PRODUCTS_DIR; };
		B52470BB9CF0C618EFA5DFF8 /* Pods-ContactsAppUITests.release.xcconfig */ = {isa = PBXFileReference; includeInIndex = 1; lastKnownFileType = text.xcconfig; name = "Pods-ContactsAppUITests.release.xcconfig"; path = "Pods/Target Support Files/Pods-ContactsAppUITests/Pods-ContactsAppUITests.release.xcconfig"; sourceTree = "<group>"; };
		E5113E9A223614890081952E /* ContactsApp.app */ = {isa = PBXFileReference; explicitFileType = wrapper.application; includeInIndex = 0; path = ContactsApp.app; sourceTree = BUILT_PRODUCTS_DIR; };
		E5113E9D223614890081952E /* AppDelegate.swift */ = {isa = PBXFileReference; lastKnownFileType = sourcecode.swift; path = AppDelegate.swift; sourceTree = "<group>"; };
		E5113E9F223614890081952E /* ViewController.swift */ = {isa = PBXFileReference; lastKnownFileType = sourcecode.swift; path = ViewController.swift; sourceTree = "<group>"; };
		E5113EA2223614890081952E /* Base */ = {isa = PBXFileReference; lastKnownFileType = file.storyboard; name = Base; path = Base.lproj/Main.storyboard; sourceTree = "<group>"; };
		E5113EA42236148B0081952E /* Assets.xcassets */ = {isa = PBXFileReference; lastKnownFileType = folder.assetcatalog; path = Assets.xcassets; sourceTree = "<group>"; };
		E5113EA72236148B0081952E /* Base */ = {isa = PBXFileReference; lastKnownFileType = file.storyboard; name = Base; path = Base.lproj/LaunchScreen.storyboard; sourceTree = "<group>"; };
		E5113EA92236148B0081952E /* Info.plist */ = {isa = PBXFileReference; lastKnownFileType = text.plist.xml; path = Info.plist; sourceTree = "<group>"; };
		E5113EAE2236148B0081952E /* ContactsAppTests.xctest */ = {isa = PBXFileReference; explicitFileType = wrapper.cfbundle; includeInIndex = 0; path = ContactsAppTests.xctest; sourceTree = BUILT_PRODUCTS_DIR; };
		E5113EB22236148B0081952E /* ContactsAppTests.swift */ = {isa = PBXFileReference; lastKnownFileType = sourcecode.swift; path = ContactsAppTests.swift; sourceTree = "<group>"; };
		E5113EB42236148B0081952E /* Info.plist */ = {isa = PBXFileReference; lastKnownFileType = text.plist.xml; path = Info.plist; sourceTree = "<group>"; };
		E5113EB92236148B0081952E /* ContactsAppUITests.xctest */ = {isa = PBXFileReference; explicitFileType = wrapper.cfbundle; includeInIndex = 0; path = ContactsAppUITests.xctest; sourceTree = BUILT_PRODUCTS_DIR; };
		E5113EBD2236148B0081952E /* ContactsAppUITests.swift */ = {isa = PBXFileReference; lastKnownFileType = sourcecode.swift; path = ContactsAppUITests.swift; sourceTree = "<group>"; };
		E5113EBF2236148B0081952E /* Info.plist */ = {isa = PBXFileReference; lastKnownFileType = text.plist.xml; path = Info.plist; sourceTree = "<group>"; };
		E5113ECF223615050081952E /* ListViewController.swift */ = {isa = PBXFileReference; lastKnownFileType = sourcecode.swift; path = ListViewController.swift; sourceTree = "<group>"; };
		E5113ED0223615050081952E /* ListViewController.xib */ = {isa = PBXFileReference; lastKnownFileType = file.xib; path = ListViewController.xib; sourceTree = "<group>"; };
		E5113ED3223615130081952E /* ListInteractor.swift */ = {isa = PBXFileReference; lastKnownFileType = sourcecode.swift; path = ListInteractor.swift; sourceTree = "<group>"; };
		E5113ED52236151D0081952E /* ListPresenter.swift */ = {isa = PBXFileReference; lastKnownFileType = sourcecode.swift; path = ListPresenter.swift; sourceTree = "<group>"; };
		E5113ED72236152B0081952E /* ListRouter.swift */ = {isa = PBXFileReference; lastKnownFileType = sourcecode.swift; path = ListRouter.swift; sourceTree = "<group>"; };
		E5113EDA223615880081952E /* Contact.swift */ = {isa = PBXFileReference; lastKnownFileType = sourcecode.swift; path = Contact.swift; sourceTree = "<group>"; };
		E5113EDC22361C0B0081952E /* ListBuilder.swift */ = {isa = PBXFileReference; lastKnownFileType = sourcecode.swift; path = ListBuilder.swift; sourceTree = "<group>"; };
		E5113EDE22361D800081952E /* AddViewController.swift */ = {isa = PBXFileReference; lastKnownFileType = sourcecode.swift; path = AddViewController.swift; sourceTree = "<group>"; };
		E5113EDF22361D800081952E /* AddViewController.xib */ = {isa = PBXFileReference; lastKnownFileType = file.xib; path = AddViewController.xib; sourceTree = "<group>"; };
		E5113EE222361E580081952E /* AddInteractor.swift */ = {isa = PBXFileReference; lastKnownFileType = sourcecode.swift; path = AddInteractor.swift; sourceTree = "<group>"; };
		E5113EE422361E620081952E /* AddPresenter.swift */ = {isa = PBXFileReference; lastKnownFileType = sourcecode.swift; path = AddPresenter.swift; sourceTree = "<group>"; };
		E5113EE622361E6D0081952E /* AddRouter.swift */ = {isa = PBXFileReference; lastKnownFileType = sourcecode.swift; path = AddRouter.swift; sourceTree = "<group>"; };
		E5113EE822361E760081952E /* AddBuilder.swift */ = {isa = PBXFileReference; lastKnownFileType = sourcecode.swift; path = AddBuilder.swift; sourceTree = "<group>"; };
		E5113EEA22361EFF0081952E /* Constants.swift */ = {isa = PBXFileReference; lastKnownFileType = sourcecode.swift; path = Constants.swift; sourceTree = "<group>"; };
		E5F8BF2E2236534900327E67 /* DetailViewController.swift */ = {isa = PBXFileReference; lastKnownFileType = sourcecode.swift; path = DetailViewController.swift; sourceTree = "<group>"; };
		E5F8BF2F2236534900327E67 /* DetailViewController.xib */ = {isa = PBXFileReference; lastKnownFileType = file.xib; path = DetailViewController.xib; sourceTree = "<group>"; };
		E5F8BF342236536300327E67 /* DetailPresenter.swift */ = {isa = PBXFileReference; lastKnownFileType = sourcecode.swift; path = DetailPresenter.swift; sourceTree = "<group>"; };
		E5F8BF382236537300327E67 /* DetailBuilder.swift */ = {isa = PBXFileReference; lastKnownFileType = sourcecode.swift; path = DetailBuilder.swift; sourceTree = "<group>"; };
		EE798F3E73F065FE929B1D65 /* Pods-ContactsApp.debug.xcconfig */ = {isa = PBXFileReference; includeInIndex = 1; lastKnownFileType = text.xcconfig; name = "Pods-ContactsApp.debug.xcconfig"; path = "Pods/Target Support Files/Pods-ContactsApp/Pods-ContactsApp.debug.xcconfig"; sourceTree = "<group>"; };
/* End PBXFileReference section */

/* Begin PBXFrameworksBuildPhase section */
		E5113E97223614890081952E /* Frameworks */ = {
			isa = PBXFrameworksBuildPhase;
			buildActionMask = 2147483647;
			files = (
				93A7D58AF5EC4BD7E7390E87 /* Pods_ContactsApp.framework in Frameworks */,
			);
			runOnlyForDeploymentPostprocessing = 0;
		};
		E5113EAB2236148B0081952E /* Frameworks */ = {
			isa = PBXFrameworksBuildPhase;
			buildActionMask = 2147483647;
			files = (
				EB9DC90851C03481CA559EA1 /* Pods_ContactsAppTests.framework in Frameworks */,
			);
			runOnlyForDeploymentPostprocessing = 0;
		};
		E5113EB62236148B0081952E /* Frameworks */ = {
			isa = PBXFrameworksBuildPhase;
			buildActionMask = 2147483647;
			files = (
				24D0F48581F7319033D07BFF /* Pods_ContactsAppUITests.framework in Frameworks */,
			);
			runOnlyForDeploymentPostprocessing = 0;
		};
/* End PBXFrameworksBuildPhase section */

/* Begin PBXGroup section */
		26F50D24DE6ACF3B5932E4A7 /* Frameworks */ = {
			isa = PBXGroup;
			children = (
				8C2124773840391A4394D7BD /* Pods_ContactsApp.framework */,
				65B94F0F4D1A5D1CBDC0AF4D /* Pods_ContactsAppTests.framework */,
				9AA60514B7E83C1D12706E8A /* Pods_ContactsAppUITests.framework */,
			);
			name = Frameworks;
			sourceTree = "<group>";
		};
		E5113E91223614890081952E = {
			isa = PBXGroup;
			children = (
				E5113E9C223614890081952E /* ContactsApp */,
				E5113EB12236148B0081952E /* ContactsAppTests */,
				E5113EBC2236148B0081952E /* ContactsAppUITests */,
				E5113E9B223614890081952E /* Products */,
				ED96E4C3BD86F39DB8640699 /* Pods */,
				26F50D24DE6ACF3B5932E4A7 /* Frameworks */,
			);
			sourceTree = "<group>";
		};
		E5113E9B223614890081952E /* Products */ = {
			isa = PBXGroup;
			children = (
				E5113E9A223614890081952E /* ContactsApp.app */,
				E5113EAE2236148B0081952E /* ContactsAppTests.xctest */,
				E5113EB92236148B0081952E /* ContactsAppUITests.xctest */,
			);
			name = Products;
			sourceTree = "<group>";
		};
		E5113E9C223614890081952E /* ContactsApp */ = {
			isa = PBXGroup;
			children = (
				E5113EEA22361EFF0081952E /* Constants.swift */,
				E5113ED92236157C0081952E /* Models */,
				E5113ECB223614A10081952E /* Modules */,
				E5113E9D223614890081952E /* AppDelegate.swift */,
				E5113EA92236148B0081952E /* Info.plist */,
				E5113EEC223629A10081952E /* Others */,
			);
			path = ContactsApp;
			sourceTree = "<group>";
		};
		E5113EB12236148B0081952E /* ContactsAppTests */ = {
			isa = PBXGroup;
			children = (
				E5113EB22236148B0081952E /* ContactsAppTests.swift */,
				E5113EB42236148B0081952E /* Info.plist */,
			);
			path = ContactsAppTests;
			sourceTree = "<group>";
		};
		E5113EBC2236148B0081952E /* ContactsAppUITests */ = {
			isa = PBXGroup;
			children = (
				E5113EBD2236148B0081952E /* ContactsAppUITests.swift */,
				E5113EBF2236148B0081952E /* Info.plist */,
			);
			path = ContactsAppUITests;
			sourceTree = "<group>";
		};
		E5113ECB223614A10081952E /* Modules */ = {
			isa = PBXGroup;
			children = (
				E5113ECE223614BE0081952E /* Detail */,
				E5113ECD223614B80081952E /* Add */,
				E5113ECC223614B10081952E /* List */,
			);
			path = Modules;
			sourceTree = "<group>";
		};
		E5113ECC223614B10081952E /* List */ = {
			isa = PBXGroup;
			children = (
				E5113ECF223615050081952E /* ListViewController.swift */,
				E5113ED0223615050081952E /* ListViewController.xib */,
				E5113ED3223615130081952E /* ListInteractor.swift */,
				E5113ED52236151D0081952E /* ListPresenter.swift */,
				E5113ED72236152B0081952E /* ListRouter.swift */,
				E5113EDC22361C0B0081952E /* ListBuilder.swift */,
			);
			path = List;
			sourceTree = "<group>";
		};
		E5113ECD223614B80081952E /* Add */ = {
			isa = PBXGroup;
			children = (
				E5113EDE22361D800081952E /* AddViewController.swift */,
				E5113EDF22361D800081952E /* AddViewController.xib */,
				E5113EE222361E580081952E /* AddInteractor.swift */,
				E5113EE422361E620081952E /* AddPresenter.swift */,
				E5113EE622361E6D0081952E /* AddRouter.swift */,
				E5113EE822361E760081952E /* AddBuilder.swift */,
			);
			path = Add;
			sourceTree = "<group>";
		};
		E5113ECE223614BE0081952E /* Detail */ = {
			isa = PBXGroup;
			children = (
				E5F8BF2E2236534900327E67 /* DetailViewController.swift */,
				E5F8BF2F2236534900327E67 /* DetailViewController.xib */,
				E5F8BF342236536300327E67 /* DetailPresenter.swift */,
				E5F8BF382236537300327E67 /* DetailBuilder.swift */,
			);
			path = Detail;
			sourceTree = "<group>";
		};
		E5113ED92236157C0081952E /* Models */ = {
			isa = PBXGroup;
			children = (
				E5113EDA223615880081952E /* Contact.swift */,
			);
			path = Models;
			sourceTree = "<group>";
		};
		E5113EEC223629A10081952E /* Others */ = {
			isa = PBXGroup;
			children = (
				E5113E9F223614890081952E /* ViewController.swift */,
				E5113EA1223614890081952E /* Main.storyboard */,
				E5113EA42236148B0081952E /* Assets.xcassets */,
				E5113EA62236148B0081952E /* LaunchScreen.storyboard */,
			);
			path = Others;
			sourceTree = "<group>";
		};
		ED96E4C3BD86F39DB8640699 /* Pods */ = {
			isa = PBXGroup;
			children = (
				EE798F3E73F065FE929B1D65 /* Pods-ContactsApp.debug.xcconfig */,
				8808172CBC4CFE27D8E5C849 /* Pods-ContactsApp.release.xcconfig */,
				6674FA45DC3584D52273875C /* Pods-ContactsAppTests.debug.xcconfig */,
				06EB4DCD3A1FB1D4D44FD48E /* Pods-ContactsAppTests.release.xcconfig */,
				04BE766D25652719CC01A216 /* Pods-ContactsAppUITests.debug.xcconfig */,
				B52470BB9CF0C618EFA5DFF8 /* Pods-ContactsAppUITests.release.xcconfig */,
			);
			name = Pods;
			sourceTree = "<group>";
		};
/* End PBXGroup section */

/* Begin PBXNativeTarget section */
		E5113E99223614890081952E /* ContactsApp */ = {
			isa = PBXNativeTarget;
			buildConfigurationList = E5113EC22236148B0081952E /* Build configuration list for PBXNativeTarget "ContactsApp" */;
			buildPhases = (
				97A7B12644F37EF837B3E3D6 /* [CP] Check Pods Manifest.lock */,
				E5113E96223614890081952E /* Sources */,
				E5113E97223614890081952E /* Frameworks */,
				E5113E98223614890081952E /* Resources */,
				52396DA9B7C7CA70A3234455 /* [CP] Embed Pods Frameworks */,
			);
			buildRules = (
			);
			dependencies = (
			);
			name = ContactsApp;
			productName = ContactsApp;
			productReference = E5113E9A223614890081952E /* ContactsApp.app */;
			productType = "com.apple.product-type.application";
		};
		E5113EAD2236148B0081952E /* ContactsAppTests */ = {
			isa = PBXNativeTarget;
			buildConfigurationList = E5113EC52236148B0081952E /* Build configuration list for PBXNativeTarget "ContactsAppTests" */;
			buildPhases = (
				573BB20F471FA828921224CD /* [CP] Check Pods Manifest.lock */,
				E5113EAA2236148B0081952E /* Sources */,
				E5113EAB2236148B0081952E /* Frameworks */,
				E5113EAC2236148B0081952E /* Resources */,
			);
			buildRules = (
			);
			dependencies = (
				E5113EB02236148B0081952E /* PBXTargetDependency */,
			);
			name = ContactsAppTests;
			productName = ContactsAppTests;
			productReference = E5113EAE2236148B0081952E /* ContactsAppTests.xctest */;
			productType = "com.apple.product-type.bundle.unit-test";
		};
		E5113EB82236148B0081952E /* ContactsAppUITests */ = {
			isa = PBXNativeTarget;
			buildConfigurationList = E5113EC82236148B0081952E /* Build configuration list for PBXNativeTarget "ContactsAppUITests" */;
			buildPhases = (
				6EE9C0F7E003A0A408628198 /* [CP] Check Pods Manifest.lock */,
				E5113EB52236148B0081952E /* Sources */,
				E5113EB62236148B0081952E /* Frameworks */,
				E5113EB72236148B0081952E /* Resources */,
			);
			buildRules = (
			);
			dependencies = (
				E5113EBB2236148B0081952E /* PBXTargetDependency */,
			);
			name = ContactsAppUITests;
			productName = ContactsAppUITests;
			productReference = E5113EB92236148B0081952E /* ContactsAppUITests.xctest */;
			productType = "com.apple.product-type.bundle.ui-testing";
		};
/* End PBXNativeTarget section */

/* Begin PBXProject section */
		E5113E92223614890081952E /* Project object */ = {
			isa = PBXProject;
			attributes = {
				LastSwiftUpdateCheck = 1010;
				LastUpgradeCheck = 1010;
				ORGANIZATIONNAME = "Nanang Rafsanjani";
				TargetAttributes = {
					E5113E99223614890081952E = {
						CreatedOnToolsVersion = 10.1;
					};
					E5113EAD2236148B0081952E = {
						CreatedOnToolsVersion = 10.1;
						TestTargetID = E5113E99223614890081952E;
					};
					E5113EB82236148B0081952E = {
						CreatedOnToolsVersion = 10.1;
						TestTargetID = E5113E99223614890081952E;
					};
				};
			};
			buildConfigurationList = E5113E95223614890081952E /* Build configuration list for PBXProject "ContactsApp" */;
			compatibilityVersion = "Xcode 9.3";
			developmentRegion = en;
			hasScannedForEncodings = 0;
			knownRegions = (
				en,
				Base,
			);
			mainGroup = E5113E91223614890081952E;
			productRefGroup = E5113E9B223614890081952E /* Products */;
			projectDirPath = "";
			projectRoot = "";
			targets = (
				E5113E99223614890081952E /* ContactsApp */,
				E5113EAD2236148B0081952E /* ContactsAppTests */,
				E5113EB82236148B0081952E /* ContactsAppUITests */,
			);
		};
/* End PBXProject section */

/* Begin PBXResourcesBuildPhase section */
		E5113E98223614890081952E /* Resources */ = {
			isa = PBXResourcesBuildPhase;
			buildActionMask = 2147483647;
			files = (
				E5113EA82236148B0081952E /* LaunchScreen.storyboard in Resources */,
				E5F8BF312236534900327E67 /* DetailViewController.xib in Resources */,
				E5113EA52236148B0081952E /* Assets.xcassets in Resources */,
				E5113EE122361D800081952E /* AddViewController.xib in Resources */,
				E5113ED2223615050081952E /* ListViewController.xib in Resources */,
				E5113EA3223614890081952E /* Main.storyboard in Resources */,
			);
			runOnlyForDeploymentPostprocessing = 0;
		};
		E5113EAC2236148B0081952E /* Resources */ = {
			isa = PBXResourcesBuildPhase;
			buildActionMask = 2147483647;
			files = (
			);
			runOnlyForDeploymentPostprocessing = 0;
		};
		E5113EB72236148B0081952E /* Resources */ = {
			isa = PBXResourcesBuildPhase;
			buildActionMask = 2147483647;
			files = (
			);
			runOnlyForDeploymentPostprocessing = 0;
		};
/* End PBXResourcesBuildPhase section */

/* Begin PBXShellScriptBuildPhase section */
		52396DA9B7C7CA70A3234455 /* [CP] Embed Pods Frameworks */ = {
			isa = PBXShellScriptBuildPhase;
			buildActionMask = 2147483647;
			files = (
			);
			inputFileListPaths = (
			);
			inputPaths = (
				"${SRCROOT}/Pods/Target Support Files/Pods-ContactsApp/Pods-ContactsApp-frameworks.sh",
				"${BUILT_PRODUCTS_DIR}/Swinject/Swinject.framework",
			);
			name = "[CP] Embed Pods Frameworks";
			outputFileListPaths = (
			);
			outputPaths = (
				"${TARGET_BUILD_DIR}/${FRAMEWORKS_FOLDER_PATH}/Swinject.framework",
			);
			runOnlyForDeploymentPostprocessing = 0;
			shellPath = /bin/sh;
			shellScript = "\"${SRCROOT}/Pods/Target Support Files/Pods-ContactsApp/Pods-ContactsApp-frameworks.sh\"\n";
			showEnvVarsInLog = 0;
		};
		573BB20F471FA828921224CD /* [CP] Check Pods Manifest.lock */ = {
			isa = PBXShellScriptBuildPhase;
			buildActionMask = 2147483647;
			files = (
			);
			inputFileListPaths = (
			);
			inputPaths = (
				"${PODS_PODFILE_DIR_PATH}/Podfile.lock",
				"${PODS_ROOT}/Manifest.lock",
			);
			name = "[CP] Check Pods Manifest.lock";
			outputFileListPaths = (
			);
			outputPaths = (
				"$(DERIVED_FILE_DIR)/Pods-ContactsAppTests-checkManifestLockResult.txt",
			);
			runOnlyForDeploymentPostprocessing = 0;
			shellPath = /bin/sh;
			shellScript = "diff \"${PODS_PODFILE_DIR_PATH}/Podfile.lock\" \"${PODS_ROOT}/Manifest.lock\" > /dev/null\nif [ $? != 0 ] ; then\n    # print error to STDERR\n    echo \"error: The sandbox is not in sync with the Podfile.lock. Run 'pod install' or update your CocoaPods installation.\" >&2\n    exit 1\nfi\n# This output is used by Xcode 'outputs' to avoid re-running this script phase.\necho \"SUCCESS\" > \"${SCRIPT_OUTPUT_FILE_0}\"\n";
			showEnvVarsInLog = 0;
		};
		6EE9C0F7E003A0A408628198 /* [CP] Check Pods Manifest.lock */ = {
			isa = PBXShellScriptBuildPhase;
			buildActionMask = 2147483647;
			files = (
			);
			inputFileListPaths = (
			);
			inputPaths = (
				"${PODS_PODFILE_DIR_PATH}/Podfile.lock",
				"${PODS_ROOT}/Manifest.lock",
			);
			name = "[CP] Check Pods Manifest.lock";
			outputFileListPaths = (
			);
			outputPaths = (
				"$(DERIVED_FILE_DIR)/Pods-ContactsAppUITests-checkManifestLockResult.txt",
			);
			runOnlyForDeploymentPostprocessing = 0;
			shellPath = /bin/sh;
			shellScript = "diff \"${PODS_PODFILE_DIR_PATH}/Podfile.lock\" \"${PODS_ROOT}/Manifest.lock\" > /dev/null\nif [ $? != 0 ] ; then\n    # print error to STDERR\n    echo \"error: The sandbox is not in sync with the Podfile.lock. Run 'pod install' or update your CocoaPods installation.\" >&2\n    exit 1\nfi\n# This output is used by Xcode 'outputs' to avoid re-running this script phase.\necho \"SUCCESS\" > \"${SCRIPT_OUTPUT_FILE_0}\"\n";
			showEnvVarsInLog = 0;
		};
		97A7B12644F37EF837B3E3D6 /* [CP] Check Pods Manifest.lock */ = {
			isa = PBXShellScriptBuildPhase;
			buildActionMask = 2147483647;
			files = (
			);
			inputFileListPaths = (
			);
			inputPaths = (
				"${PODS_PODFILE_DIR_PATH}/Podfile.lock",
				"${PODS_ROOT}/Manifest.lock",
			);
			name = "[CP] Check Pods Manifest.lock";
			outputFileListPaths = (
			);
			outputPaths = (
				"$(DERIVED_FILE_DIR)/Pods-ContactsApp-checkManifestLockResult.txt",
			);
			runOnlyForDeploymentPostprocessing = 0;
			shellPath = /bin/sh;
			shellScript = "diff \"${PODS_PODFILE_DIR_PATH}/Podfile.lock\" \"${PODS_ROOT}/Manifest.lock\" > /dev/null\nif [ $? != 0 ] ; then\n    # print error to STDERR\n    echo \"error: The sandbox is not in sync with the Podfile.lock. Run 'pod install' or update your CocoaPods installation.\" >&2\n    exit 1\nfi\n# This output is used by Xcode 'outputs' to avoid re-running this script phase.\necho \"SUCCESS\" > \"${SCRIPT_OUTPUT_FILE_0}\"\n";
			showEnvVarsInLog = 0;
		};
/* End PBXShellScriptBuildPhase section */

/* Begin PBXSourcesBuildPhase section */
		E5113E96223614890081952E /* Sources */ = {
			isa = PBXSourcesBuildPhase;
			buildActionMask = 2147483647;
			files = (
				E5113ED82236152B0081952E /* ListRouter.swift in Sources */,
				E5113ED62236151D0081952E /* ListPresenter.swift in Sources */,
				E5113EE022361D800081952E /* AddViewController.swift in Sources */,
				E5113EA0223614890081952E /* ViewController.swift in Sources */,
				E5113E9E223614890081952E /* AppDelegate.swift in Sources */,
				E5113ED4223615130081952E /* ListInteractor.swift in Sources */,
				E5113EE322361E580081952E /* AddInteractor.swift in Sources */,
				E5113EE922361E760081952E /* AddBuilder.swift in Sources */,
				E5113ED1223615050081952E /* ListViewController.swift in Sources */,
				E5113EE722361E6D0081952E /* AddRouter.swift in Sources */,
				E5113EE522361E620081952E /* AddPresenter.swift in Sources */,
				E5113EEB22361EFF0081952E /* Constants.swift in Sources */,
				E5F8BF302236534900327E67 /* DetailViewController.swift in Sources */,
				E5F8BF392236537300327E67 /* DetailBuilder.swift in Sources */,
				E5113EDB223615880081952E /* Contact.swift in Sources */,
				E5113EDD22361C0B0081952E /* ListBuilder.swift in Sources */,
				E5F8BF352236536300327E67 /* DetailPresenter.swift in Sources */,
			);
			runOnlyForDeploymentPostprocessing = 0;
		};
		E5113EAA2236148B0081952E /* Sources */ = {
			isa = PBXSourcesBuildPhase;
			buildActionMask = 2147483647;
			files = (
				E5113EB32236148B0081952E /* ContactsAppTests.swift in Sources */,
			);
			runOnlyForDeploymentPostprocessing = 0;
		};
		E5113EB52236148B0081952E /* Sources */ = {
			isa = PBXSourcesBuildPhase;
			buildActionMask = 2147483647;
			files = (
				E5113EBE2236148B0081952E /* ContactsAppUITests.swift in Sources */,
			);
			runOnlyForDeploymentPostprocessing = 0;
		};
/* End PBXSourcesBuildPhase section */

/* Begin PBXTargetDependency section */
		E5113EB02236148B0081952E /* PBXTargetDependency */ = {
			isa = PBXTargetDependency;
			target = E5113E99223614890081952E /* ContactsApp */;
			targetProxy = E5113EAF2236148B0081952E /* PBXContainerItemProxy */;
		};
		E5113EBB2236148B0081952E /* PBXTargetDependency */ = {
			isa = PBXTargetDependency;
			target = E5113E99223614890081952E /* ContactsApp */;
			targetProxy = E5113EBA2236148B0081952E /* PBXContainerItemProxy */;
		};
/* End PBXTargetDependency section */

/* Begin PBXVariantGroup section */
		E5113EA1223614890081952E /* Main.storyboard */ = {
			isa = PBXVariantGroup;
			children = (
				E5113EA2223614890081952E /* Base */,
			);
			name = Main.storyboard;
			sourceTree = "<group>";
		};
		E5113EA62236148B0081952E /* LaunchScreen.storyboard */ = {
			isa = PBXVariantGroup;
			children = (
				E5113EA72236148B0081952E /* Base */,
			);
			name = LaunchScreen.storyboard;
			sourceTree = "<group>";
		};
/* End PBXVariantGroup section */

/* Begin XCBuildConfiguration section */
		E5113EC02236148B0081952E /* Debug */ = {
			isa = XCBuildConfiguration;
			buildSettings = {
				ALWAYS_SEARCH_USER_PATHS = NO;
				CLANG_ANALYZER_NONNULL = YES;
				CLANG_ANALYZER_NUMBER_OBJECT_CONVERSION = YES_AGGRESSIVE;
				CLANG_CXX_LANGUAGE_STANDARD = "gnu++14";
				CLANG_CXX_LIBRARY = "libc++";
				CLANG_ENABLE_MODULES = YES;
				CLANG_ENABLE_OBJC_ARC = YES;
				CLANG_ENABLE_OBJC_WEAK = YES;
				CLANG_WARN_BLOCK_CAPTURE_AUTORELEASING = YES;
				CLANG_WARN_BOOL_CONVERSION = YES;
				CLANG_WARN_COMMA = YES;
				CLANG_WARN_CONSTANT_CONVERSION = YES;
				CLANG_WARN_DEPRECATED_OBJC_IMPLEMENTATIONS = YES;
				CLANG_WARN_DIRECT_OBJC_ISA_USAGE = YES_ERROR;
				CLANG_WARN_DOCUMENTATION_COMMENTS = YES;
				CLANG_WARN_EMPTY_BODY = YES;
				CLANG_WARN_ENUM_CONVERSION = YES;
				CLANG_WARN_INFINITE_RECURSION = YES;
				CLANG_WARN_INT_CONVERSION = YES;
				CLANG_WARN_NON_LITERAL_NULL_CONVERSION = YES;
				CLANG_WARN_OBJC_IMPLICIT_RETAIN_SELF = YES;
				CLANG_WARN_OBJC_LITERAL_CONVERSION = YES;
				CLANG_WARN_OBJC_ROOT_CLASS = YES_ERROR;
				CLANG_WARN_RANGE_LOOP_ANALYSIS = YES;
				CLANG_WARN_STRICT_PROTOTYPES = YES;
				CLANG_WARN_SUSPICIOUS_MOVE = YES;
				CLANG_WARN_UNGUARDED_AVAILABILITY = YES_AGGRESSIVE;
				CLANG_WARN_UNREACHABLE_CODE = YES;
				CLANG_WARN__DUPLICATE_METHOD_MATCH = YES;
				CODE_SIGN_IDENTITY = "iPhone Developer";
				COPY_PHASE_STRIP = NO;
				DEBUG_INFORMATION_FORMAT = dwarf;
				ENABLE_STRICT_OBJC_MSGSEND = YES;
				ENABLE_TESTABILITY = YES;
				GCC_C_LANGUAGE_STANDARD = gnu11;
				GCC_DYNAMIC_NO_PIC = NO;
				GCC_NO_COMMON_BLOCKS = YES;
				GCC_OPTIMIZATION_LEVEL = 0;
				GCC_PREPROCESSOR_DEFINITIONS = (
					"DEBUG=1",
					"$(inherited)",
				);
				GCC_WARN_64_TO_32_BIT_CONVERSION = YES;
				GCC_WARN_ABOUT_RETURN_TYPE = YES_ERROR;
				GCC_WARN_UNDECLARED_SELECTOR = YES;
				GCC_WARN_UNINITIALIZED_AUTOS = YES_AGGRESSIVE;
				GCC_WARN_UNUSED_FUNCTION = YES;
				GCC_WARN_UNUSED_VARIABLE = YES;
				IPHONEOS_DEPLOYMENT_TARGET = 12.1;
				MTL_ENABLE_DEBUG_INFO = INCLUDE_SOURCE;
				MTL_FAST_MATH = YES;
				ONLY_ACTIVE_ARCH = YES;
				SDKROOT = iphoneos;
				SWIFT_ACTIVE_COMPILATION_CONDITIONS = DEBUG;
				SWIFT_OPTIMIZATION_LEVEL = "-Onone";
			};
			name = Debug;
		};
		E5113EC12236148B0081952E /* Release */ = {
			isa = XCBuildConfiguration;
			buildSettings = {
				ALWAYS_SEARCH_USER_PATHS = NO;
				CLANG_ANALYZER_NONNULL = YES;
				CLANG_ANALYZER_NUMBER_OBJECT_CONVERSION = YES_AGGRESSIVE;
				CLANG_CXX_LANGUAGE_STANDARD = "gnu++14";
				CLANG_CXX_LIBRARY = "libc++";
				CLANG_ENABLE_MODULES = YES;
				CLANG_ENABLE_OBJC_ARC = YES;
				CLANG_ENABLE_OBJC_WEAK = YES;
				CLANG_WARN_BLOCK_CAPTURE_AUTORELEASING = YES;
				CLANG_WARN_BOOL_CONVERSION = YES;
				CLANG_WARN_COMMA = YES;
				CLANG_WARN_CONSTANT_CONVERSION = YES;
				CLANG_WARN_DEPRECATED_OBJC_IMPLEMENTATIONS = YES;
				CLANG_WARN_DIRECT_OBJC_ISA_USAGE = YES_ERROR;
				CLANG_WARN_DOCUMENTATION_COMMENTS = YES;
				CLANG_WARN_EMPTY_BODY = YES;
				CLANG_WARN_ENUM_CONVERSION = YES;
				CLANG_WARN_INFINITE_RECURSION = YES;
				CLANG_WARN_INT_CONVERSION = YES;
				CLANG_WARN_NON_LITERAL_NULL_CONVERSION = YES;
				CLANG_WARN_OBJC_IMPLICIT_RETAIN_SELF = YES;
				CLANG_WARN_OBJC_LITERAL_CONVERSION = YES;
				CLANG_WARN_OBJC_ROOT_CLASS = YES_ERROR;
				CLANG_WARN_RANGE_LOOP_ANALYSIS = YES;
				CLANG_WARN_STRICT_PROTOTYPES = YES;
				CLANG_WARN_SUSPICIOUS_MOVE = YES;
				CLANG_WARN_UNGUARDED_AVAILABILITY = YES_AGGRESSIVE;
				CLANG_WARN_UNREACHABLE_CODE = YES;
				CLANG_WARN__DUPLICATE_METHOD_MATCH = YES;
				CODE_SIGN_IDENTITY = "iPhone Developer";
				COPY_PHASE_STRIP = NO;
				DEBUG_INFORMATION_FORMAT = "dwarf-with-dsym";
				ENABLE_NS_ASSERTIONS = NO;
				ENABLE_STRICT_OBJC_MSGSEND = YES;
				GCC_C_LANGUAGE_STANDARD = gnu11;
				GCC_NO_COMMON_BLOCKS = YES;
				GCC_WARN_64_TO_32_BIT_CONVERSION = YES;
				GCC_WARN_ABOUT_RETURN_TYPE = YES_ERROR;
				GCC_WARN_UNDECLARED_SELECTOR = YES;
				GCC_WARN_UNINITIALIZED_AUTOS = YES_AGGRESSIVE;
				GCC_WARN_UNUSED_FUNCTION = YES;
				GCC_WARN_UNUSED_VARIABLE = YES;
				IPHONEOS_DEPLOYMENT_TARGET = 12.1;
				MTL_ENABLE_DEBUG_INFO = NO;
				MTL_FAST_MATH = YES;
				SDKROOT = iphoneos;
				SWIFT_COMPILATION_MODE = wholemodule;
				SWIFT_OPTIMIZATION_LEVEL = "-O";
				VALIDATE_PRODUCT = YES;
			};
			name = Release;
		};
		E5113EC32236148B0081952E /* Debug */ = {
			isa = XCBuildConfiguration;
			baseConfigurationReference = EE798F3E73F065FE929B1D65 /* Pods-ContactsApp.debug.xcconfig */;
			buildSettings = {
				ASSETCATALOG_COMPILER_APPICON_NAME = AppIcon;
				CODE_SIGN_STYLE = Automatic;
				DEVELOPMENT_TEAM = G92YEQF267;
				INFOPLIST_FILE = ContactsApp/Info.plist;
				LD_RUNPATH_SEARCH_PATHS = (
					"$(inherited)",
					"@executable_path/Frameworks",
				);
				PRODUCT_BUNDLE_IDENTIFIER = com.midtrans.ContactsApp;
				PRODUCT_NAME = "$(TARGET_NAME)";
				SWIFT_VERSION = 4.2;
				TARGETED_DEVICE_FAMILY = "1,2";
			};
			name = Debug;
		};
		E5113EC42236148B0081952E /* Release */ = {
			isa = XCBuildConfiguration;
			baseConfigurationReference = 8808172CBC4CFE27D8E5C849 /* Pods-ContactsApp.release.xcconfig */;
			buildSettings = {
				ASSETCATALOG_COMPILER_APPICON_NAME = AppIcon;
				CODE_SIGN_STYLE = Automatic;
				DEVELOPMENT_TEAM = G92YEQF267;
				INFOPLIST_FILE = ContactsApp/Info.plist;
				LD_RUNPATH_SEARCH_PATHS = (
					"$(inherited)",
					"@executable_path/Frameworks",
				);
				PRODUCT_BUNDLE_IDENTIFIER = com.midtrans.ContactsApp;
				PRODUCT_NAME = "$(TARGET_NAME)";
				SWIFT_VERSION = 4.2;
				TARGETED_DEVICE_FAMILY = "1,2";
			};
			name = Release;
		};
		E5113EC62236148B0081952E /* Debug */ = {
			isa = XCBuildConfiguration;
			baseConfigurationReference = 6674FA45DC3584D52273875C /* Pods-ContactsAppTests.debug.xcconfig */;
			buildSettings = {
				ALWAYS_EMBED_SWIFT_STANDARD_LIBRARIES = YES;
				BUNDLE_LOADER = "$(TEST_HOST)";
				CODE_SIGN_STYLE = Automatic;
				DEVELOPMENT_TEAM = G92YEQF267;
				INFOPLIST_FILE = ContactsAppTests/Info.plist;
				LD_RUNPATH_SEARCH_PATHS = (
					"$(inherited)",
					"@executable_path/Frameworks",
					"@loader_path/Frameworks",
				);
				PRODUCT_BUNDLE_IDENTIFIER = com.midtrans.ContactsAppTests;
				PRODUCT_NAME = "$(TARGET_NAME)";
				SWIFT_VERSION = 4.2;
				TARGETED_DEVICE_FAMILY = "1,2";
				TEST_HOST = "$(BUILT_PRODUCTS_DIR)/ContactsApp.app/ContactsApp";
			};
			name = Debug;
		};
		E5113EC72236148B0081952E /* Release */ = {
			isa = XCBuildConfiguration;
			baseConfigurationReference = 06EB4DCD3A1FB1D4D44FD48E /* Pods-ContactsAppTests.release.xcconfig */;
			buildSettings = {
				ALWAYS_EMBED_SWIFT_STANDARD_LIBRARIES = YES;
				BUNDLE_LOADER = "$(TEST_HOST)";
				CODE_SIGN_STYLE = Automatic;
				DEVELOPMENT_TEAM = G92YEQF267;
				INFOPLIST_FILE = ContactsAppTests/Info.plist;
				LD_RUNPATH_SEARCH_PATHS = (
					"$(inherited)",
					"@executable_path/Frameworks",
					"@loader_path/Frameworks",
				);
				PRODUCT_BUNDLE_IDENTIFIER = com.midtrans.ContactsAppTests;
				PRODUCT_NAME = "$(TARGET_NAME)";
				SWIFT_VERSION = 4.2;
				TARGETED_DEVICE_FAMILY = "1,2";
				TEST_HOST = "$(BUILT_PRODUCTS_DIR)/ContactsApp.app/ContactsApp";
			};
			name = Release;
		};
		E5113EC92236148B0081952E /* Debug */ = {
			isa = XCBuildConfiguration;
			baseConfigurationReference = 04BE766D25652719CC01A216 /* Pods-ContactsAppUITests.debug.xcconfig */;
			buildSettings = {
				ALWAYS_EMBED_SWIFT_STANDARD_LIBRARIES = YES;
				CODE_SIGN_STYLE = Automatic;
				DEVELOPMENT_TEAM = G92YEQF267;
				INFOPLIST_FILE = ContactsAppUITests/Info.plist;
				LD_RUNPATH_SEARCH_PATHS = (
					"$(inherited)",
					"@executable_path/Frameworks",
					"@loader_path/Frameworks",
				);
				PRODUCT_BUNDLE_IDENTIFIER = com.midtrans.ContactsAppUITests;
				PRODUCT_NAME = "$(TARGET_NAME)";
				SWIFT_VERSION = 4.2;
				TARGETED_DEVICE_FAMILY = "1,2";
				TEST_TARGET_NAME = ContactsApp;
			};
			name = Debug;
		};
		E5113ECA2236148B0081952E /* Release */ = {
			isa = XCBuildConfiguration;
			baseConfigurationReference = B52470BB9CF0C618EFA5DFF8 /* Pods-ContactsAppUITests.release.xcconfig */;
			buildSettings = {
				ALWAYS_EMBED_SWIFT_STANDARD_LIBRARIES = YES;
				CODE_SIGN_STYLE = Automatic;
				DEVELOPMENT_TEAM = G92YEQF267;
				INFOPLIST_FILE = ContactsAppUITests/Info.plist;
				LD_RUNPATH_SEARCH_PATHS = (
					"$(inherited)",
					"@executable_path/Frameworks",
					"@loader_path/Frameworks",
				);
				PRODUCT_BUNDLE_IDENTIFIER = com.midtrans.ContactsAppUITests;
				PRODUCT_NAME = "$(TARGET_NAME)";
				SWIFT_VERSION = 4.2;
				TARGETED_DEVICE_FAMILY = "1,2";
				TEST_TARGET_NAME = ContactsApp;
			};
			name = Release;
		};
/* End XCBuildConfiguration section */

/* Begin XCConfigurationList section */
		E5113E95223614890081952E /* Build configuration list for PBXProject "ContactsApp" */ = {
			isa = XCConfigurationList;
			buildConfigurations = (
				E5113EC02236148B0081952E /* Debug */,
				E5113EC12236148B0081952E /* Release */,
			);
			defaultConfigurationIsVisible = 0;
			defaultConfigurationName = Release;
		};
		E5113EC22236148B0081952E /* Build configuration list for PBXNativeTarget "ContactsApp" */ = {
			isa = XCConfigurationList;
			buildConfigurations = (
				E5113EC32236148B0081952E /* Debug */,
				E5113EC42236148B0081952E /* Release */,
			);
			defaultConfigurationIsVisible = 0;
			defaultConfigurationName = Release;
		};
		E5113EC52236148B0081952E /* Build configuration list for PBXNativeTarget "ContactsAppTests" */ = {
			isa = XCConfigurationList;
			buildConfigurations = (
				E5113EC62236148B0081952E /* Debug */,
				E5113EC72236148B0081952E /* Release */,
			);
			defaultConfigurationIsVisible = 0;
			defaultConfigurationName = Release;
		};
		E5113EC82236148B0081952E /* Build configuration list for PBXNativeTarget "ContactsAppUITests" */ = {
			isa = XCConfigurationList;
			buildConfigurations = (
				E5113EC92236148B0081952E /* Debug */,
				E5113ECA2236148B0081952E /* Release */,
			);
			defaultConfigurationIsVisible = 0;
			defaultConfigurationName = Release;
		};
/* End XCConfigurationList section */
	};
	rootObject = E5113E92223614890081952E /* Project object */;
}
